
Microsoft Visual Studio Solution File, Format Version 12.00
# Visual Studio Version 16
VisualStudioVersion = 16.0.32228.343
MinimumVisualStudioVersion = 10.0.40219.1
Project("{FAE04EC0-301F-11D3-BF4B-00C04F79EFBC}") = "TesteCitel.WEB", "TesteCitel.WEB.csproj", "{FDFA405B-4255-4B97-AADE-A6D83631CF2C}"
EndProject
Project("{FAE04EC0-301F-11D3-BF4B-00C04F79EFBC}") = "TesteCitel.Domain", "..\TesteCitel.Domain\TesteCitel.Domain.csproj", "{A4A4BC47-59C2-4DB3-B091-0694623B60AA}"
EndProject
Project("{9A19103F-16F7-4668-BE54-9A1E7A4F7556}") = "TesteCitel.Infra", "..\TesteCitel.Infra\TesteCitel.Infra.csproj", "{0BE8B427-FF49-4036-B8C0-DF40EEB1F081}"
EndProject
Project("{9A19103F-16F7-4668-BE54-9A1E7A4F7556}") = "TesteCitel.IoC", "..\TesteCitel.IoC\TesteCitel.IoC.csproj", "{79BBB159-1E93-40FF-BE79-AB914F9FB1A8}"
EndProject
Project("{9A19103F-16F7-4668-BE54-9A1E7A4F7556}") = "TesteCitel.API", "..\TesteCitel.API\TesteCitel.API.csproj", "{8799E09A-A878-4AB0-BA62-48FF35BAA449}"
EndProject
Global
	GlobalSection(SolutionConfigurationPlatforms) = preSolution
		Debug|Any CPU = Debug|Any CPU
		Release|Any CPU = Release|Any CPU
	EndGlobalSection
	GlobalSection(ProjectConfigurationPlatforms) = postSolution
		{FDFA405B-4255-4B97-AADE-A6D83631CF2C}.Debug|Any CPU.ActiveCfg = Debug|Any CPU
		{FDFA405B-4255-4B97-AADE-A6D83631CF2C}.Debug|Any CPU.Build.0 = Debug|Any CPU
		{FDFA405B-4255-4B97-AADE-A6D83631CF2C}.Release|Any CPU.ActiveCfg = Release|Any CPU
		{FDFA405B-4255-4B97-AADE-A6D83631CF2C}.Release|Any CPU.Build.0 = Release|Any CPU
		{A4A4BC47-59C2-4DB3-B091-0694623B60AA}.Debug|Any CPU.ActiveCfg = Debug|Any CPU
		{A4A4BC47-59C2-4DB3-B091-0694623B60AA}.Debug|Any CPU.Build.0 = Debug|Any CPU
		{A4A4BC47-59C2-4DB3-B091-0694623B60AA}.Release|Any CPU.ActiveCfg = Release|Any CPU
		{A4A4BC47-59C2-4DB3-B091-0694623B60AA}.Release|Any CPU.Build.0 = Release|Any CPU
		{0BE8B427-FF49-4036-B8C0-DF40EEB1F081}.Debug|Any CPU.ActiveCfg = Debug|Any CPU
		{0BE8B427-FF49-4036-B8C0-DF40EEB1F081}.Debug|Any CPU.Build.0 = Debug|Any CPU
		{0BE8B427-FF49-4036-B8C0-DF40EEB1F081}.Release|Any CPU.ActiveCfg = Release|Any CPU
		{0BE8B427-FF49-4036-B8C0-DF40EEB1F081}.Release|Any CPU.Build.0 = Release|Any CPU
		{79BBB159-1E93-40FF-BE79-AB914F9FB1A8}.Debug|Any CPU.ActiveCfg = Debug|Any CPU
		{79BBB159-1E93-40FF-BE79-AB914F9FB1A8}.Debug|Any CPU.Build.0 = Debug|Any CPU
		{79BBB159-1E93-40FF-BE79-AB914F9FB1A8}.Release|Any CPU.ActiveCfg = Release|Any CPU
		{79BBB159-1E93-40FF-BE79-AB914F9FB1A8}.Release|Any CPU.Build.0 = Release|Any CPU
		{8799E09A-A878-4AB0-BA62-48FF35BAA449}.Debug|Any CPU.ActiveCfg = Debug|Any CPU
		{8799E09A-A878-4AB0-BA62-48FF35BAA449}.Debug|Any CPU.Build.0 = Debug|Any CPU
		{8799E09A-A878-4AB0-BA62-48FF35BAA449}.Release|Any CPU.ActiveCfg = Release|Any CPU
		{8799E09A-A878-4AB0-BA62-48FF35BAA449}.Release|Any CPU.Build.0 = Release|Any CPU
	EndGlobalSection
	GlobalSection(SolutionProperties) = preSolution
		HideSolutionNode = FALSE
	EndGlobalSection
	GlobalSection(ExtensibilityGlobals) = postSolution
		SolutionGuid = {40A7AF36-05CE-4CDA-A1D2-692C09E6BE26}
	EndGlobalSection
EndGlobal
