
Microsoft Visual Studio Solution File, Format Version 12.00
# Visual Studio Version 16
VisualStudioVersion = 16.0.32228.343
MinimumVisualStudioVersion = 10.0.40219.1
Project("{9A19103F-16F7-4668-BE54-9A1E7A4F7556}") = "TesteCitel.Domain", "TesteCitel.Domain.csproj", "{EDA845ED-8BF8-4D89-97C4-166D07D05EF7}"
EndProject
Project("{9A19103F-16F7-4668-BE54-9A1E7A4F7556}") = "TesteCitel.Infra", "..\TesteCitel.Infra\TesteCitel.Infra.csproj", "{82E2ACCE-CCB7-4329-81D4-EC1EAA56BC42}"
EndProject
Project("{9A19103F-16F7-4668-BE54-9A1E7A4F7556}") = "TesteCitel.IoC", "..\TesteCitel.IoC\TesteCitel.IoC.csproj", "{2AACFEC3-0FAB-4B5D-8CFB-CE7AB6B5B41C}"
EndProject
Project("{9A19103F-16F7-4668-BE54-9A1E7A4F7556}") = "TesteCitel.API", "..\TesteCitel.API\TesteCitel.API.csproj", "{A4EE82EF-C28C-4180-8BCC-5014B3EC9A7B}"
EndProject
Project("{9A19103F-16F7-4668-BE54-9A1E7A4F7556}") = "TesteCitel.UI", "..\TesteCitel.UI\TesteCitel.UI.csproj", "{C6DEDD45-678A-4AF1-96C2-4CAE728B4CFF}"
EndProject
Global
	GlobalSection(SolutionConfigurationPlatforms) = preSolution
		Debug|Any CPU = Debug|Any CPU
		Release|Any CPU = Release|Any CPU
	EndGlobalSection
	GlobalSection(ProjectConfigurationPlatforms) = postSolution
		{EDA845ED-8BF8-4D89-97C4-166D07D05EF7}.Debug|Any CPU.ActiveCfg = Debug|Any CPU
		{EDA845ED-8BF8-4D89-97C4-166D07D05EF7}.Debug|Any CPU.Build.0 = Debug|Any CPU
		{EDA845ED-8BF8-4D89-97C4-166D07D05EF7}.Release|Any CPU.ActiveCfg = Release|Any CPU
		{EDA845ED-8BF8-4D89-97C4-166D07D05EF7}.Release|Any CPU.Build.0 = Release|Any CPU
		{82E2ACCE-CCB7-4329-81D4-EC1EAA56BC42}.Debug|Any CPU.ActiveCfg = Debug|Any CPU
		{82E2ACCE-CCB7-4329-81D4-EC1EAA56BC42}.Debug|Any CPU.Build.0 = Debug|Any CPU
		{82E2ACCE-CCB7-4329-81D4-EC1EAA56BC42}.Release|Any CPU.ActiveCfg = Release|Any CPU
		{82E2ACCE-CCB7-4329-81D4-EC1EAA56BC42}.Release|Any CPU.Build.0 = Release|Any CPU
		{2AACFEC3-0FAB-4B5D-8CFB-CE7AB6B5B41C}.Debug|Any CPU.ActiveCfg = Debug|Any CPU
		{2AACFEC3-0FAB-4B5D-8CFB-CE7AB6B5B41C}.Debug|Any CPU.Build.0 = Debug|Any CPU
		{2AACFEC3-0FAB-4B5D-8CFB-CE7AB6B5B41C}.Release|Any CPU.ActiveCfg = Release|Any CPU
		{2AACFEC3-0FAB-4B5D-8CFB-CE7AB6B5B41C}.Release|Any CPU.Build.0 = Release|Any CPU
		{A4EE82EF-C28C-4180-8BCC-5014B3EC9A7B}.Debug|Any CPU.ActiveCfg = Debug|Any CPU
		{A4EE82EF-C28C-4180-8BCC-5014B3EC9A7B}.Debug|Any CPU.Build.0 = Debug|Any CPU
		{A4EE82EF-C28C-4180-8BCC-5014B3EC9A7B}.Release|Any CPU.ActiveCfg = Release|Any CPU
		{A4EE82EF-C28C-4180-8BCC-5014B3EC9A7B}.Release|Any CPU.Build.0 = Release|Any CPU
		{C6DEDD45-678A-4AF1-96C2-4CAE728B4CFF}.Debug|Any CPU.ActiveCfg = Debug|Any CPU
		{C6DEDD45-678A-4AF1-96C2-4CAE728B4CFF}.Debug|Any CPU.Build.0 = Debug|Any CPU
		{C6DEDD45-678A-4AF1-96C2-4CAE728B4CFF}.Release|Any CPU.ActiveCfg = Release|Any CPU
		{C6DEDD45-678A-4AF1-96C2-4CAE728B4CFF}.Release|Any CPU.Build.0 = Release|Any CPU
	EndGlobalSection
	GlobalSection(SolutionProperties) = preSolution
		HideSolutionNode = FALSE
	EndGlobalSection
	GlobalSection(ExtensibilityGlobals) = postSolution
		SolutionGuid = {FB710A91-ADED-4D2E-8ED5-B8D0DC1788F0}
	EndGlobalSection
EndGlobal
